// !$*UTF8*$!
{
	archiveVersion = 1;
	classes = {
	};
	objectVersion = 55;
	objects = {

/* Begin PBXBuildFile section */
		0D7633D62734E467008F5466 /* AppDelegate.m in Sources */ = {isa = PBXBuildFile; fileRef = 0D7633D52734E467008F5466 /* AppDelegate.m */; };
		0D7633D92734E467008F5466 /* SceneDelegate.m in Sources */ = {isa = PBXBuildFile; fileRef = 0D7633D82734E467008F5466 /* SceneDelegate.m */; };
		0D7633DF2734E467008F5466 /* Main.storyboard in Resources */ = {isa = PBXBuildFile; fileRef = 0D7633DD2734E467008F5466 /* Main.storyboard */; };
		0D7633E12734E469008F5466 /* Assets.xcassets in Resources */ = {isa = PBXBuildFile; fileRef = 0D7633E02734E469008F5466 /* Assets.xcassets */; };
		0D7633E42734E469008F5466 /* LaunchScreen.storyboard in Resources */ = {isa = PBXBuildFile; fileRef = 0D7633E22734E469008F5466 /* LaunchScreen.storyboard */; };
		0D7633E72734E469008F5466 /* main.m in Sources */ = {isa = PBXBuildFile; fileRef = 0D7633E62734E469008F5466 /* main.m */; };
		0D7633F12734E469008F5466 /* CollectionViewDemoTests.m in Sources */ = {isa = PBXBuildFile; fileRef = 0D7633F02734E469008F5466 /* CollectionViewDemoTests.m */; };
		0D7633FB2734E469008F5466 /* CollectionViewDemoUITests.m in Sources */ = {isa = PBXBuildFile; fileRef = 0D7633FA2734E469008F5466 /* CollectionViewDemoUITests.m */; };
		0D7633FD2734E469008F5466 /* CollectionViewDemoUITestsLaunchTests.m in Sources */ = {isa = PBXBuildFile; fileRef = 0D7633FC2734E469008F5466 /* CollectionViewDemoUITestsLaunchTests.m */; };
		0D76340E2734E575008F5466 /* CollectionViewController.m in Sources */ = {isa = PBXBuildFile; fileRef = 0D76340D2734E575008F5466 /* CollectionViewController.m */; };
		0D7634112734EBA6008F5466 /* CollectionViewCell.m in Sources */ = {isa = PBXBuildFile; fileRef = 0D7634102734EBA6008F5466 /* CollectionViewCell.m */; };
/* End PBXBuildFile section */

/* Begin PBXContainerItemProxy section */
		0D7633ED2734E469008F5466 /* PBXContainerItemProxy */ = {
			isa = PBXContainerItemProxy;
			containerPortal = 0D7633C92734E467008F5466 /* Project object */;
			proxyType = 1;
			remoteGlobalIDString = 0D7633D02734E467008F5466;
			remoteInfo = CollectionViewDemo;
		};
		0D7633F72734E469008F5466 /* PBXContainerItemProxy */ = {
			isa = PBXContainerItemProxy;
			containerPortal = 0D7633C92734E467008F5466 /* Project object */;
			proxyType = 1;
			remoteGlobalIDString = 0D7633D02734E467008F5466;
			remoteInfo = CollectionViewDemo;
		};
/* End PBXContainerItemProxy section */

/* Begin PBXFileReference section */
		0D7633D12734E467008F5466 /* CollectionViewDemo.app */ = {isa = PBXFileReference; explicitFileType = wrapper.application; includeInIndex = 0; path = CollectionViewDemo.app; sourceTree = BUILT_PRODUCTS_DIR; };
		0D7633D42734E467008F5466 /* AppDelegate.h */ = {isa = PBXFileReference; lastKnownFileType = sourcecode.c.h; path = AppDelegate.h; sourceTree = "<group>"; };
		0D7633D52734E467008F5466 /* AppDelegate.m */ = {isa = PBXFileReference; lastKnownFileType = sourcecode.c.objc; path = AppDelegate.m; sourceTree = "<group>"; };
		0D7633D72734E467008F5466 /* SceneDelegate.h */ = {isa = PBXFileReference; lastKnownFileType = sourcecode.c.h; path = SceneDelegate.h; sourceTree = "<group>"; };
		0D7633D82734E467008F5466 /* SceneDelegate.m */ = {isa = PBXFileReference; lastKnownFileType = sourcecode.c.objc; path = SceneDelegate.m; sourceTree = "<group>"; };
		0D7633DE2734E467008F5466 /* Base */ = {isa = PBXFileReference; lastKnownFileType = file.storyboard; name = Base; path = Base.lproj/Main.storyboard; sourceTree = "<group>"; };
		0D7633E02734E469008F5466 /* Assets.xcassets */ = {isa = PBXFileReference; lastKnownFileType = folder.assetcatalog; path = Assets.xcassets; sourceTree = "<group>"; };
		0D7633E32734E469008F5466 /* Base */ = {isa = PBXFileReference; lastKnownFileType = file.storyboard; name = Base; path = Base.lproj/LaunchScreen.storyboard; sourceTree = "<group>"; };
		0D7633E52734E469008F5466 /* Info.plist */ = {isa = PBXFileReference; lastKnownFileType = text.plist.xml; path = Info.plist; sourceTree = "<group>"; };
		0D7633E62734E469008F5466 /* main.m */ = {isa = PBXFileReference; lastKnownFileType = sourcecode.c.objc; path = main.m; sourceTree = "<group>"; };
		0D7633EC2734E469008F5466 /* CollectionViewDemoTests.xctest */ = {isa = PBXFileReference; explicitFileType = wrapper.cfbundle; includeInIndex = 0; path = CollectionViewDemoTests.xctest; sourceTree = BUILT_PRODUCTS_DIR; };
		0D7633F02734E469008F5466 /* CollectionViewDemoTests.m */ = {isa = PBXFileReference; lastKnownFileType = sourcecode.c.objc; path = CollectionViewDemoTests.m; sourceTree = "<group>"; };
		0D7633F62734E469008F5466 /* CollectionViewDemoUITests.xctest */ = {isa = PBXFileReference; explicitFileType = wrapper.cfbundle; includeInIndex = 0; path = CollectionViewDemoUITests.xctest; sourceTree = BUILT_PRODUCTS_DIR; };
		0D7633FA2734E469008F5466 /* CollectionViewDemoUITests.m */ = {isa = PBXFileReference; lastKnownFileType = sourcecode.c.objc; path = CollectionViewDemoUITests.m; sourceTree = "<group>"; };
		0D7633FC2734E469008F5466 /* CollectionViewDemoUITestsLaunchTests.m */ = {isa = PBXFileReference; lastKnownFileType = sourcecode.c.objc; path = CollectionViewDemoUITestsLaunchTests.m; sourceTree = "<group>"; };
		0D76340C2734E575008F5466 /* CollectionViewController.h */ = {isa = PBXFileReference; lastKnownFileType = sourcecode.c.h; path = CollectionViewController.h; sourceTree = "<group>"; };
		0D76340D2734E575008F5466 /* CollectionViewController.m */ = {isa = PBXFileReference; lastKnownFileType = sourcecode.c.objc; path = CollectionViewController.m; sourceTree = "<group>"; };
		0D76340F2734EBA6008F5466 /* CollectionViewCell.h */ = {isa = PBXFileReference; lastKnownFileType = sourcecode.c.h; path = CollectionViewCell.h; sourceTree = "<group>"; };
		0D7634102734EBA6008F5466 /* CollectionViewCell.m */ = {isa = PBXFileReference; lastKnownFileType = sourcecode.c.objc; path = CollectionViewCell.m; sourceTree = "<group>"; };
/* End PBXFileReference section */

/* Begin PBXFrameworksBuildPhase section */
		0D7633CE2734E467008F5466 /* Frameworks */ = {
			isa = PBXFrameworksBuildPhase;
			buildActionMask = 2147483647;
			files = (
			);
			runOnlyForDeploymentPostprocessing = 0;
		};
		0D7633E92734E469008F5466 /* Frameworks */ = {
			isa = PBXFrameworksBuildPhase;
			buildActionMask = 2147483647;
			files = (
			);
			runOnlyForDeploymentPostprocessing = 0;
		};
		0D7633F32734E469008F5466 /* Frameworks */ = {
			isa = PBXFrameworksBuildPhase;
			buildActionMask = 2147483647;
			files = (
			);
			runOnlyForDeploymentPostprocessing = 0;
		};
/* End PBXFrameworksBuildPhase section */

/* Begin PBXGroup section */
		0D7633C82734E467008F5466 = {
			isa = PBXGroup;
			children = (
				0D7633D32734E467008F5466 /* CollectionViewDemo */,
				0D7633EF2734E469008F5466 /* CollectionViewDemoTests */,
				0D7633F92734E469008F5466 /* CollectionViewDemoUITests */,
				0D7633D22734E467008F5466 /* Products */,
			);
			sourceTree = "<group>";
		};
		0D7633D22734E467008F5466 /* Products */ = {
			isa = PBXGroup;
			children = (
				0D7633D12734E467008F5466 /* CollectionViewDemo.app */,
				0D7633EC2734E469008F5466 /* CollectionViewDemoTests.xctest */,
				0D7633F62734E469008F5466 /* CollectionViewDemoUITests.xctest */,
			);
			name = Products;
			sourceTree = "<group>";
		};
		0D7633D32734E467008F5466 /* CollectionViewDemo */ = {
			isa = PBXGroup;
			children = (
				0D7633D42734E467008F5466 /* AppDelegate.h */,
				0D7633D52734E467008F5466 /* AppDelegate.m */,
				0D7633D72734E467008F5466 /* SceneDelegate.h */,
				0D7633D82734E467008F5466 /* SceneDelegate.m */,
				0D76340A2734E497008F5466 /* Views */,
				0D7634092734E48D008F5466 /* Controllers */,
				0D76340B2734E4B4008F5466 /* SupportingFiles */,
				0D7633E62734E469008F5466 /* main.m */,
			);
			path = CollectionViewDemo;
			sourceTree = "<group>";
		};
		0D7633EF2734E469008F5466 /* CollectionViewDemoTests */ = {
			isa = PBXGroup;
			children = (
				0D7633F02734E469008F5466 /* CollectionViewDemoTests.m */,
			);
			path = CollectionViewDemoTests;
			sourceTree = "<group>";
		};
		0D7633F92734E469008F5466 /* CollectionViewDemoUITests */ = {
			isa = PBXGroup;
			children = (
				0D7633FA2734E469008F5466 /* CollectionViewDemoUITests.m */,
				0D7633FC2734E469008F5466 /* CollectionViewDemoUITestsLaunchTests.m */,
			);
			path = CollectionViewDemoUITests;
			sourceTree = "<group>";
		};
		0D7634092734E48D008F5466 /* Controllers */ = {
			isa = PBXGroup;
			children = (
				0D76340C2734E575008F5466 /* CollectionViewController.h */,
				0D76340D2734E575008F5466 /* CollectionViewController.m */,
				0D7634122734EBAF008F5466 /* cells */,
			);
			path = Controllers;
			sourceTree = "<group>";
		};
		0D76340A2734E497008F5466 /* Views */ = {
			isa = PBXGroup;
			children = (
				0D7633DD2734E467008F5466 /* Main.storyboard */,
			);
			path = Views;
			sourceTree = "<group>";
		};
		0D76340B2734E4B4008F5466 /* SupportingFiles */ = {
			isa = PBXGroup;
			children = (
				0D7633E02734E469008F5466 /* Assets.xcassets */,
				0D7633E22734E469008F5466 /* LaunchScreen.storyboard */,
				0D7633E52734E469008F5466 /* Info.plist */,
			);
			path = SupportingFiles;
			sourceTree = "<group>";
		};
		0D7634122734EBAF008F5466 /* cells */ = {
			isa = PBXGroup;
			children = (
				0D76340F2734EBA6008F5466 /* CollectionViewCell.h */,
				0D7634102734EBA6008F5466 /* CollectionViewCell.m */,
			);
			path = cells;
			sourceTree = "<group>";
		};
/* End PBXGroup section */

/* Begin PBXNativeTarget section */
		0D7633D02734E467008F5466 /* CollectionViewDemo */ = {
			isa = PBXNativeTarget;
			buildConfigurationList = 0D7634002734E469008F5466 /* Build configuration list for PBXNativeTarget "CollectionViewDemo" */;
			buildPhases = (
				0D7633CD2734E467008F5466 /* Sources */,
				0D7633CE2734E467008F5466 /* Frameworks */,
				0D7633CF2734E467008F5466 /* Resources */,
			);
			buildRules = (
			);
			dependencies = (
			);
			name = CollectionViewDemo;
			productName = CollectionViewDemo;
			productReference = 0D7633D12734E467008F5466 /* CollectionViewDemo.app */;
			productType = "com.apple.product-type.application";
		};
		0D7633EB2734E469008F5466 /* CollectionViewDemoTests */ = {
			isa = PBXNativeTarget;
			buildConfigurationList = 0D7634032734E469008F5466 /* Build configuration list for PBXNativeTarget "CollectionViewDemoTests" */;
			buildPhases = (
				0D7633E82734E469008F5466 /* Sources */,
				0D7633E92734E469008F5466 /* Frameworks */,
				0D7633EA2734E469008F5466 /* Resources */,
			);
			buildRules = (
			);
			dependencies = (
				0D7633EE2734E469008F5466 /* PBXTargetDependency */,
			);
			name = CollectionViewDemoTests;
			productName = CollectionViewDemoTests;
			productReference = 0D7633EC2734E469008F5466 /* CollectionViewDemoTests.xctest */;
			productType = "com.apple.product-type.bundle.unit-test";
		};
		0D7633F52734E469008F5466 /* CollectionViewDemoUITests */ = {
			isa = PBXNativeTarget;
			buildConfigurationList = 0D7634062734E469008F5466 /* Build configuration list for PBXNativeTarget "CollectionViewDemoUITests" */;
			buildPhases = (
				0D7633F22734E469008F5466 /* Sources */,
				0D7633F32734E469008F5466 /* Frameworks */,
				0D7633F42734E469008F5466 /* Resources */,
			);
			buildRules = (
			);
			dependencies = (
				0D7633F82734E469008F5466 /* PBXTargetDependency */,
			);
			name = CollectionViewDemoUITests;
			productName = CollectionViewDemoUITests;
			productReference = 0D7633F62734E469008F5466 /* CollectionViewDemoUITests.xctest */;
			productType = "com.apple.product-type.bundle.ui-testing";
		};
/* End PBXNativeTarget section */

/* Begin PBXProject section */
		0D7633C92734E467008F5466 /* Project object */ = {
			isa = PBXProject;
			attributes = {
				BuildIndependentTargetsInParallel = 1;
				LastUpgradeCheck = 1310;
				TargetAttributes = {
					0D7633D02734E467008F5466 = {
						CreatedOnToolsVersion = 13.1;
					};
					0D7633EB2734E469008F5466 = {
						CreatedOnToolsVersion = 13.1;
						TestTargetID = 0D7633D02734E467008F5466;
					};
					0D7633F52734E469008F5466 = {
						CreatedOnToolsVersion = 13.1;
						TestTargetID = 0D7633D02734E467008F5466;
					};
				};
			};
			buildConfigurationList = 0D7633CC2734E467008F5466 /* Build configuration list for PBXProject "CollectionViewDemo" */;
			compatibilityVersion = "Xcode 13.0";
			developmentRegion = en;
			hasScannedForEncodings = 0;
			knownRegions = (
				en,
				Base,
			);
			mainGroup = 0D7633C82734E467008F5466;
			productRefGroup = 0D7633D22734E467008F5466 /* Products */;
			projectDirPath = "";
			projectRoot = "";
			targets = (
				0D7633D02734E467008F5466 /* CollectionViewDemo */,
				0D7633EB2734E469008F5466 /* CollectionViewDemoTests */,
				0D7633F52734E469008F5466 /* CollectionViewDemoUITests */,
			);
		};
/* End PBXProject section */

/* Begin PBXResourcesBuildPhase section */
		0D7633CF2734E467008F5466 /* Resources */ = {
			isa = PBXResourcesBuildPhase;
			buildActionMask = 2147483647;
			files = (
				0D7633E42734E469008F5466 /* LaunchScreen.storyboard in Resources */,
				0D7633E12734E469008F5466 /* Assets.xcassets in Resources */,
				0D7633DF2734E467008F5466 /* Main.storyboard in Resources */,
			);
			runOnlyForDeploymentPostprocessing = 0;
		};
		0D7633EA2734E469008F5466 /* Resources */ = {
			isa = PBXResourcesBuildPhase;
			buildActionMask = 2147483647;
			files = (
			);
			runOnlyForDeploymentPostprocessing = 0;
		};
		0D7633F42734E469008F5466 /* Resources */ = {
			isa = PBXResourcesBuildPhase;
			buildActionMask = 2147483647;
			files = (
			);
			runOnlyForDeploymentPostprocessing = 0;
		};
/* End PBXResourcesBuildPhase section */

/* Begin PBXSourcesBuildPhase section */
		0D7633CD2734E467008F5466 /* Sources */ = {
			isa = PBXSourcesBuildPhase;
			buildActionMask = 2147483647;
			files = (
				0D76340E2734E575008F5466 /* CollectionViewController.m in Sources */,
				0D7634112734EBA6008F5466 /* CollectionViewCell.m in Sources */,
				0D7633D62734E467008F5466 /* AppDelegate.m in Sources */,
				0D7633E72734E469008F5466 /* main.m in Sources */,
				0D7633D92734E467008F5466 /* SceneDelegate.m in Sources */,
			);
			runOnlyForDeploymentPostprocessing = 0;
		};
		0D7633E82734E469008F5466 /* Sources */ = {
			isa = PBXSourcesBuildPhase;
			buildActionMask = 2147483647;
			files = (
				0D7633F12734E469008F5466 /* CollectionViewDemoTests.m in Sources */,
			);
			runOnlyForDeploymentPostprocessing = 0;
		};
		0D7633F22734E469008F5466 /* Sources */ = {
			isa = PBXSourcesBuildPhase;
			buildActionMask = 2147483647;
			files = (
				0D7633FD2734E469008F5466 /* CollectionViewDemoUITestsLaunchTests.m in Sources */,
				0D7633FB2734E469008F5466 /* CollectionViewDemoUITests.m in Sources */,
			);
			runOnlyForDeploymentPostprocessing = 0;
		};
/* End PBXSourcesBuildPhase section */

/* Begin PBXTargetDependency section */
		0D7633EE2734E469008F5466 /* PBXTargetDependency */ = {
			isa = PBXTargetDependency;
			target = 0D7633D02734E467008F5466 /* CollectionViewDemo */;
			targetProxy = 0D7633ED2734E469008F5466 /* PBXContainerItemProxy */;
		};
		0D7633F82734E469008F5466 /* PBXTargetDependency */ = {
			isa = PBXTargetDependency;
			target = 0D7633D02734E467008F5466 /* CollectionViewDemo */;
			targetProxy = 0D7633F72734E469008F5466 /* PBXContainerItemProxy */;
		};
/* End PBXTargetDependency section */

/* Begin PBXVariantGroup section */
		0D7633DD2734E467008F5466 /* Main.storyboard */ = {
			isa = PBXVariantGroup;
			children = (
				0D7633DE2734E467008F5466 /* Base */,
			);
			name = Main.storyboard;
			sourceTree = "<group>";
		};
		0D7633E22734E469008F5466 /* LaunchScreen.storyboard */ = {
			isa = PBXVariantGroup;
			children = (
				0D7633E32734E469008F5466 /* Base */,
			);
			name = LaunchScreen.storyboard;
			sourceTree = "<group>";
		};
/* End PBXVariantGroup section */

/* Begin XCBuildConfiguration section */
		0D7633FE2734E469008F5466 /* Debug */ = {
			isa = XCBuildConfiguration;
			buildSettings = {
				ALWAYS_SEARCH_USER_PATHS = NO;
				CLANG_ANALYZER_NONNULL = YES;
				CLANG_ANALYZER_NUMBER_OBJECT_CONVERSION = YES_AGGRESSIVE;
				CLANG_CXX_LANGUAGE_STANDARD = "gnu++17";
				CLANG_CXX_LIBRARY = "libc++";
				CLANG_ENABLE_MODULES = YES;
				CLANG_ENABLE_OBJC_ARC = YES;
				CLANG_ENABLE_OBJC_WEAK = YES;
				CLANG_WARN_BLOCK_CAPTURE_AUTORELEASING = YES;
				CLANG_WARN_BOOL_CONVERSION = YES;
				CLANG_WARN_COMMA = YES;
				CLANG_WARN_CONSTANT_CONVERSION = YES;
				CLANG_WARN_DEPRECATED_OBJC_IMPLEMENTATIONS = YES;
				CLANG_WARN_DIRECT_OBJC_ISA_USAGE = YES_ERROR;
				CLANG_WARN_DOCUMENTATION_COMMENTS = YES;
				CLANG_WARN_EMPTY_BODY = YES;
				CLANG_WARN_ENUM_CONVERSION = YES;
				CLANG_WARN_INFINITE_RECURSION = YES;
				CLANG_WARN_INT_CONVERSION = YES;
				CLANG_WARN_NON_LITERAL_NULL_CONVERSION = YES;
				CLANG_WARN_OBJC_IMPLICIT_RETAIN_SELF = YES;
				CLANG_WARN_OBJC_LITERAL_CONVERSION = YES;
				CLANG_WARN_OBJC_ROOT_CLASS = YES_ERROR;
				CLANG_WARN_QUOTED_INCLUDE_IN_FRAMEWORK_HEADER = YES;
				CLANG_WARN_RANGE_LOOP_ANALYSIS = YES;
				CLANG_WARN_STRICT_PROTOTYPES = YES;
				CLANG_WARN_SUSPICIOUS_MOVE = YES;
				CLANG_WARN_UNGUARDED_AVAILABILITY = YES_AGGRESSIVE;
				CLANG_WARN_UNREACHABLE_CODE = YES;
				CLANG_WARN__DUPLICATE_METHOD_MATCH = YES;
				COPY_PHASE_STRIP = NO;
				DEBUG_INFORMATION_FORMAT = dwarf;
				ENABLE_STRICT_OBJC_MSGSEND = YES;
				ENABLE_TESTABILITY = YES;
				GCC_C_LANGUAGE_STANDARD = gnu11;
				GCC_DYNAMIC_NO_PIC = NO;
				GCC_NO_COMMON_BLOCKS = YES;
				GCC_OPTIMIZATION_LEVEL = 0;
				GCC_PREPROCESSOR_DEFINITIONS = (
					"DEBUG=1",
					"$(inherited)",
				);
				GCC_WARN_64_TO_32_BIT_CONVERSION = YES;
				GCC_WARN_ABOUT_RETURN_TYPE = YES_ERROR;
				GCC_WARN_UNDECLARED_SELECTOR = YES;
				GCC_WARN_UNINITIALIZED_AUTOS = YES_AGGRESSIVE;
				GCC_WARN_UNUSED_FUNCTION = YES;
				GCC_WARN_UNUSED_VARIABLE = YES;
				IPHONEOS_DEPLOYMENT_TARGET = 15.0;
				MTL_ENABLE_DEBUG_INFO = INCLUDE_SOURCE;
				MTL_FAST_MATH = YES;
				ONLY_ACTIVE_ARCH = YES;
				SDKROOT = iphoneos;
			};
			name = Debug;
		};
		0D7633FF2734E469008F5466 /* Release */ = {
			isa = XCBuildConfiguration;
			buildSettings = {
				ALWAYS_SEARCH_USER_PATHS = NO;
				CLANG_ANALYZER_NONNULL = YES;
				CLANG_ANALYZER_NUMBER_OBJECT_CONVERSION = YES_AGGRESSIVE;
				CLANG_CXX_LANGUAGE_STANDARD = "gnu++17";
				CLANG_CXX_LIBRARY = "libc++";
				CLANG_ENABLE_MODULES = YES;
				CLANG_ENABLE_OBJC_ARC = YES;
				CLANG_ENABLE_OBJC_WEAK = YES;
				CLANG_WARN_BLOCK_CAPTURE_AUTORELEASING = YES;
				CLANG_WARN_BOOL_CONVERSION = YES;
				CLANG_WARN_COMMA = YES;
				CLANG_WARN_CONSTANT_CONVERSION = YES;
				CLANG_WARN_DEPRECATED_OBJC_IMPLEMENTATIONS = YES;
				CLANG_WARN_DIRECT_OBJC_ISA_USAGE = YES_ERROR;
				CLANG_WARN_DOCUMENTATION_COMMENTS = YES;
				CLANG_WARN_EMPTY_BODY = YES;
				CLANG_WARN_ENUM_CONVERSION = YES;
				CLANG_WARN_INFINITE_RECURSION = YES;
				CLANG_WARN_INT_CONVERSION = YES;
				CLANG_WARN_NON_LITERAL_NULL_CONVERSION = YES;
				CLANG_WARN_OBJC_IMPLICIT_RETAIN_SELF = YES;
				CLANG_WARN_OBJC_LITERAL_CONVERSION = YES;
				CLANG_WARN_OBJC_ROOT_CLASS = YES_ERROR;
				CLANG_WARN_QUOTED_INCLUDE_IN_FRAMEWORK_HEADER = YES;
				CLANG_WARN_RANGE_LOOP_ANALYSIS = YES;
				CLANG_WARN_STRICT_PROTOTYPES = YES;
				CLANG_WARN_SUSPICIOUS_MOVE = YES;
				CLANG_WARN_UNGUARDED_AVAILABILITY = YES_AGGRESSIVE;
				CLANG_WARN_UNREACHABLE_CODE = YES;
				CLANG_WARN__DUPLICATE_METHOD_MATCH = YES;
				COPY_PHASE_STRIP = NO;
				DEBUG_INFORMATION_FORMAT = "dwarf-with-dsym";
				ENABLE_NS_ASSERTIONS = NO;
				ENABLE_STRICT_OBJC_MSGSEND = YES;
				GCC_C_LANGUAGE_STANDARD = gnu11;
				GCC_NO_COMMON_BLOCKS = YES;
				GCC_WARN_64_TO_32_BIT_CONVERSION = YES;
				GCC_WARN_ABOUT_RETURN_TYPE = YES_ERROR;
				GCC_WARN_UNDECLARED_SELECTOR = YES;
				GCC_WARN_UNINITIALIZED_AUTOS = YES_AGGRESSIVE;
				GCC_WARN_UNUSED_FUNCTION = YES;
				GCC_WARN_UNUSED_VARIABLE = YES;
				IPHONEOS_DEPLOYMENT_TARGET = 15.0;
				MTL_ENABLE_DEBUG_INFO = NO;
				MTL_FAST_MATH = YES;
				SDKROOT = iphoneos;
				VALIDATE_PRODUCT = YES;
			};
			name = Release;
		};
		0D7634012734E469008F5466 /* Debug */ = {
			isa = XCBuildConfiguration;
			buildSettings = {
				ASSETCATALOG_COMPILER_APPICON_NAME = AppIcon;
				ASSETCATALOG_COMPILER_GLOBAL_ACCENT_COLOR_NAME = AccentColor;
				CODE_SIGN_STYLE = Automatic;
				CURRENT_PROJECT_VERSION = 1;
				DEVELOPMENT_TEAM = 8C24H7PT3A;
				GENERATE_INFOPLIST_FILE = YES;
				INFOPLIST_FILE = CollectionViewDemo/SupportingFiles/Info.plist;
				INFOPLIST_KEY_UIApplicationSupportsIndirectInputEvents = YES;
				INFOPLIST_KEY_UILaunchStoryboardName = LaunchScreen;
				INFOPLIST_KEY_UIMainStoryboardFile = Main;
				INFOPLIST_KEY_UISupportedInterfaceOrientations_iPad = "UIInterfaceOrientationPortrait UIInterfaceOrientationPortraitUpsideDown UIInterfaceOrientationLandscapeLeft UIInterfaceOrientationLandscapeRight";
				INFOPLIST_KEY_UISupportedInterfaceOrientations_iPhone = "UIInterfaceOrientationPortrait UIInterfaceOrientationLandscapeLeft UIInterfaceOrientationLandscapeRight";
				LD_RUNPATH_SEARCH_PATHS = (
					"$(inherited)",
					"@executable_path/Frameworks",
				);
				MARKETING_VERSION = 1.0;
				PRODUCT_BUNDLE_IDENTIFIER = com.hmp.CollectionViewDemo;
				PRODUCT_NAME = "$(TARGET_NAME)";
				SWIFT_EMIT_LOC_STRINGS = YES;
				TARGETED_DEVICE_FAMILY = "1,2";
			};
			name = Debug;
		};
		0D7634022734E469008F5466 /* Release */ = {
			isa = XCBuildConfiguration;
			buildSettings = {
				ASSETCATALOG_COMPILER_APPICON_NAME = AppIcon;
				ASSETCATALOG_COMPILER_GLOBAL_ACCENT_COLOR_NAME = AccentColor;
				CODE_SIGN_STYLE = Automatic;
				CURRENT_PROJECT_VERSION = 1;
				DEVELOPMENT_TEAM = 8C24H7PT3A;
				GENERATE_INFOPLIST_FILE = YES;
				INFOPLIST_FILE = CollectionViewDemo/SupportingFiles/Info.plist;
				INFOPLIST_KEY_UIApplicationSupportsIndirectInputEvents = YES;
				INFOPLIST_KEY_UILaunchStoryboardName = LaunchScreen;
				INFOPLIST_KEY_UIMainStoryboardFile = Main;
				INFOPLIST_KEY_UISupportedInterfaceOrientations_iPad = "UIInterfaceOrientationPortrait UIInterfaceOrientationPortraitUpsideDown UIInterfaceOrientationLandscapeLeft UIInterfaceOrientationLandscapeRight";
				INFOPLIST_KEY_UISupportedInterfaceOrientations_iPhone = "UIInterfaceOrientationPortrait UIInterfaceOrientationLandscapeLeft UIInterfaceOrientationLandscapeRight";
				LD_RUNPATH_SEARCH_PATHS = (
					"$(inherited)",
					"@executable_path/Frameworks",
				);
				MARKETING_VERSION = 1.0;
				PRODUCT_BUNDLE_IDENTIFIER = com.hmp.CollectionViewDemo;
				PRODUCT_NAME = "$(TARGET_NAME)";
				SWIFT_EMIT_LOC_STRINGS = YES;
				TARGETED_DEVICE_FAMILY = "1,2";
			};
			name = Release;
		};
		0D7634042734E469008F5466 /* Debug */ = {
			isa = XCBuildConfiguration;
			buildSettings = {
				BUNDLE_LOADER = "$(TEST_HOST)";
				CODE_SIGN_STYLE = Automatic;
				CURRENT_PROJECT_VERSION = 1;
				DEVELOPMENT_TEAM = 8C24H7PT3A;
				GENERATE_INFOPLIST_FILE = YES;
				IPHONEOS_DEPLOYMENT_TARGET = 15.0;
				LD_RUNPATH_SEARCH_PATHS = (
					"$(inherited)",
					"@executable_path/Frameworks",
					"@loader_path/Frameworks",
				);
				MARKETING_VERSION = 1.0;
				PRODUCT_BUNDLE_IDENTIFIER = com.hmp.CollectionViewDemoTests;
				PRODUCT_NAME = "$(TARGET_NAME)";
				SWIFT_EMIT_LOC_STRINGS = NO;
				TARGETED_DEVICE_FAMILY = "1,2";
				TEST_HOST = "$(BUILT_PRODUCTS_DIR)/CollectionViewDemo.app/CollectionViewDemo";
			};
			name = Debug;
		};
		0D7634052734E469008F5466 /* Release */ = {
			isa = XCBuildConfiguration;
			buildSettings = {
				BUNDLE_LOADER = "$(TEST_HOST)";
				CODE_SIGN_STYLE = Automatic;
				CURRENT_PROJECT_VERSION = 1;
				DEVELOPMENT_TEAM = 8C24H7PT3A;
				GENERATE_INFOPLIST_FILE = YES;
				IPHONEOS_DEPLOYMENT_TARGET = 15.0;
				LD_RUNPATH_SEARCH_PATHS = (
					"$(inherited)",
					"@executable_path/Frameworks",
					"@loader_path/Frameworks",
				);
				MARKETING_VERSION = 1.0;
				PRODUCT_BUNDLE_IDENTIFIER = com.hmp.CollectionViewDemoTests;
				PRODUCT_NAME = "$(TARGET_NAME)";
				SWIFT_EMIT_LOC_STRINGS = NO;
				TARGETED_DEVICE_FAMILY = "1,2";
				TEST_HOST = "$(BUILT_PRODUCTS_DIR)/CollectionViewDemo.app/CollectionViewDemo";
			};
			name = Release;
		};
		0D7634072734E469008F5466 /* Debug */ = {
			isa = XCBuildConfiguration;
			buildSettings = {
				CODE_SIGN_STYLE = Automatic;
				CURRENT_PROJECT_VERSION = 1;
				DEVELOPMENT_TEAM = 8C24H7PT3A;
				GENERATE_INFOPLIST_FILE = YES;
				LD_RUNPATH_SEARCH_PATHS = (
					"$(inherited)",
					"@executable_path/Frameworks",
					"@loader_path/Frameworks",
				);
				MARKETING_VERSION = 1.0;
				PRODUCT_BUNDLE_IDENTIFIER = com.hmp.CollectionViewDemoUITests;
				PRODUCT_NAME = "$(TARGET_NAME)";
				SWIFT_EMIT_LOC_STRINGS = NO;
				TARGETED_DEVICE_FAMILY = "1,2";
				TEST_TARGET_NAME = CollectionViewDemo;
			};
			name = Debug;
		};
		0D7634082734E469008F5466 /* Release */ = {
			isa = XCBuildConfiguration;
			buildSettings = {
				CODE_SIGN_STYLE = Automatic;
				CURRENT_PROJECT_VERSION = 1;
				DEVELOPMENT_TEAM = 8C24H7PT3A;
				GENERATE_INFOPLIST_FILE = YES;
				LD_RUNPATH_SEARCH_PATHS = (
					"$(inherited)",
					"@executable_path/Frameworks",
					"@loader_path/Frameworks",
				);
				MARKETING_VERSION = 1.0;
				PRODUCT_BUNDLE_IDENTIFIER = com.hmp.CollectionViewDemoUITests;
				PRODUCT_NAME = "$(TARGET_NAME)";
				SWIFT_EMIT_LOC_STRINGS = NO;
				TARGETED_DEVICE_FAMILY = "1,2";
				TEST_TARGET_NAME = CollectionViewDemo;
			};
			name = Release;
		};
/* End XCBuildConfiguration section */

/* Begin XCConfigurationList section */
		0D7633CC2734E467008F5466 /* Build configuration list for PBXProject "CollectionViewDemo" */ = {
			isa = XCConfigurationList;
			buildConfigurations = (
				0D7633FE2734E469008F5466 /* Debug */,
				0D7633FF2734E469008F5466 /* Release */,
			);
			defaultConfigurationIsVisible = 0;
			defaultConfigurationName = Release;
		};
		0D7634002734E469008F5466 /* Build configuration list for PBXNativeTarget "CollectionViewDemo" */ = {
			isa = XCConfigurationList;
			buildConfigurations = (
				0D7634012734E469008F5466 /* Debug */,
				0D7634022734E469008F5466 /* Release */,
			);
			defaultConfigurationIsVisible = 0;
			defaultConfigurationName = Release;
		};
		0D7634032734E469008F5466 /* Build configuration list for PBXNativeTarget "CollectionViewDemoTests" */ = {
			isa = XCConfigurationList;
			buildConfigurations = (
				0D7634042734E469008F5466 /* Debug */,
				0D7634052734E469008F5466 /* Release */,
			);
			defaultConfigurationIsVisible = 0;
			defaultConfigurationName = Release;
		};
		0D7634062734E469008F5466 /* Build configuration list for PBXNativeTarget "CollectionViewDemoUITests" */ = {
			isa = XCConfigurationList;
			buildConfigurations = (
				0D7634072734E469008F5466 /* Debug */,
				0D7634082734E469008F5466 /* Release */,
			);
			defaultConfigurationIsVisible = 0;
			defaultConfigurationName = Release;
		};
/* End XCConfigurationList section */
	};
	rootObject = 0D7633C92734E467008F5466 /* Project object */;
}
